
Microsoft Visual Studio Solution File, Format Version 12.00
# Visual Studio Version 16
VisualStudioVersion = 16.0.32413.511
MinimumVisualStudioVersion = 10.0.40219.1
Project("{FAE04EC0-301F-11D3-BF4B-00C04F79EFBC}") = "veloMax", "veloMax.csproj", "{F3BADD64-E014-403B-A8B5-24AC17235C60}"
EndProject
Global
	GlobalSection(SolutionConfigurationPlatforms) = preSolution
		Debug|Any CPU = Debug|Any CPU
		Release|Any CPU = Release|Any CPU
	EndGlobalSection
	GlobalSection(ProjectConfigurationPlatforms) = postSolution
		{F3BADD64-E014-403B-A8B5-24AC17235C60}.Debug|Any CPU.ActiveCfg = Debug|Any CPU
		{F3BADD64-E014-403B-A8B5-24AC17235C60}.Debug|Any CPU.Build.0 = Debug|Any CPU
		{F3BADD64-E014-403B-A8B5-24AC17235C60}.Release|Any CPU.ActiveCfg = Release|Any CPU
		{F3BADD64-E014-403B-A8B5-24AC17235C60}.Release|Any CPU.Build.0 = Release|Any CPU
	EndGlobalSection
	GlobalSection(SolutionProperties) = preSolution
		HideSolutionNode = FALSE
	EndGlobalSection
	GlobalSection(ExtensibilityGlobals) = postSolution
		SolutionGuid = {C74F72B8-F166-44E4-858A-B892F3A24BAD}
	EndGlobalSection
EndGlobal
